<?xml version="1.0" encoding="utf-8"?>
<Project ToolsVersion="4.0" xmlns="http://schemas.microsoft.com/developer/msbuild/2003">
  <ItemGroup>
    <ClCompile Include="main.cpp" />
    <ClCompile Include="stdafx.cpp">
      <Filter>PCH</Filter>
    </ClCompile>
  </ItemGroup>
  <ItemGroup>
    <Filter Include="PCH">
      <UniqueIdentifier>{128b3c90-d110-4654-8276-a613012546cd}</UniqueIdentifier>
    </Filter>
  </ItemGroup>
  <ItemGroup>
    <ClInclude Include="stdafx.h">
      <Filter>PCH</Filter>
    </ClInclude>
  </ItemGroup>
</Project>