<?xml version="1.0" encoding="utf-8"?>
<Project ToolsVersion="4.0" xmlns="http://schemas.microsoft.com/developer/msbuild/2003">
  <ItemGroup>
    <ClCompile Include="main.cpp" />
    <ClCompile Include="stdafx.cpp">
      <Filter>PCH</Filter>
    </ClCompile>
    <ClCompile Include="DummyTestProcess.cpp" />
    <ClCompile Include="User.cpp" />
    <ClCompile Include="NetworkManager.cpp" />
    <ClCompile Include="World.cpp" />
  </ItemGroup>
  <ItemGroup>
    <Filter Include="PCH">
      <UniqueIdentifier>{128b3c90-d110-4654-8276-a613012546cd}</UniqueIdentifier>
    </Filter>
  </ItemGroup>
  <ItemGroup>
    <ClInclude Include="stdafx.h">
      <Filter>PCH</Filter>
    </ClInclude>
    <ClInclude Include="DummyTestProcess.h" />
    <ClInclude Include="User.h" />
    <ClInclude Include="NetworkManager.h" />
    <ClInclude Include="World.h" />
  </ItemGroup>
  <ItemGroup>
    <Xml Include="config.xml" />
  </ItemGroup>
</Project>