<?xml version="1.0" encoding="utf-8"?>
<Project ToolsVersion="4.0" xmlns="http://schemas.microsoft.com/developer/msbuild/2003">
  <ItemGroup>
    <Filter Include="PCH">
      <UniqueIdentifier>{ab2aaa24-241a-4cb7-96de-2da4481dfeab}</UniqueIdentifier>
    </Filter>
    <Filter Include="Util">
      <UniqueIdentifier>{a9204fbf-3572-4374-b41d-e517d8cd402e}</UniqueIdentifier>
    </Filter>
    <Filter Include="Network">
      <UniqueIdentifier>{f2e852ed-5c51-4e62-a20a-fa9370af82d2}</UniqueIdentifier>
    </Filter>
    <Filter Include="Util\tinyXML">
      <UniqueIdentifier>{c7a2e3d1-86ba-4c37-b3a4-9897f233d056}</UniqueIdentifier>
    </Filter>
    <Filter Include="Network\Packet">
      <UniqueIdentifier>{c0437fc3-3f96-4128-a15d-7185a9886c55}</UniqueIdentifier>
    </Filter>
    <Filter Include="Contents">
      <UniqueIdentifier>{bc6e9c90-bf5e-4e09-a298-b675c38ab15e}</UniqueIdentifier>
    </Filter>
  </ItemGroup>
  <ItemGroup>
    <ClInclude Include="stdafx.h">
      <Filter>PCH</Filter>
    </ClInclude>
    <ClInclude Include="ServerLibrary.h">
      <Filter>PCH</Filter>
    </ClInclude>
    <ClInclude Include="Util\Singleton.h">
      <Filter>Util</Filter>
    </ClInclude>
    <ClInclude Include="Util\Logger.h">
      <Filter>Util</Filter>
    </ClInclude>
    <ClInclude Include="Util\Assert.h">
      <Filter>Util</Filter>
    </ClInclude>
    <ClInclude Include="Util\Clock.h">
      <Filter>Util</Filter>
    </ClInclude>
    <ClInclude Include="Util\Config.h">
      <Filter>Util</Filter>
    </ClInclude>
    <ClInclude Include="Util\Minidump.h">
      <Filter>Util</Filter>
    </ClInclude>
    <ClInclude Include="Util\Type.h">
      <Filter>Util</Filter>
    </ClInclude>
    <ClInclude Include="Util\tinyxml\tinyxml.h">
      <Filter>Util</Filter>
    </ClInclude>
    <ClInclude Include="Util\tinyxml\tinystr.h">
      <Filter>Util</Filter>
    </ClInclude>
    <ClInclude Include="Util\ThreadSafeQueue.h">
      <Filter>Util</Filter>
    </ClInclude>
    <ClInclude Include="Util\Thread.h">
      <Filter>Util</Filter>
    </ClInclude>
    <ClInclude Include="Util\StringUtil.h">
      <Filter>Util</Filter>
    </ClInclude>
    <ClInclude Include="Util\Socket.h">
      <Filter>Util</Filter>
    </ClInclude>
    <ClInclude Include="Network\IOCPServer.h">
      <Filter>Network</Filter>
    </ClInclude>
    <ClInclude Include="Network\IOCPSession.h">
      <Filter>Network</Filter>
    </ClInclude>
    <ClInclude Include="Network\Overlapped.h">
      <Filter>Network</Filter>
    </ClInclude>
    <ClInclude Include="Network\Server.h">
      <Filter>Network</Filter>
    </ClInclude>
    <ClInclude Include="Network\Session.h">
      <Filter>Network</Filter>
    </ClInclude>
    <ClInclude Include="Network\SessionManager.h">
      <Filter>Network</Filter>
    </ClInclude>
    <ClInclude Include="Network\Stream.h">
      <Filter>Network</Filter>
    </ClInclude>
    <ClInclude Include="Network\Packet.h">
      <Filter>Network\Packet</Filter>
    </ClInclude>
    <ClInclude Include="Network\PacketType.h">
      <Filter>Network\Packet</Filter>
    </ClInclude>
    <ClInclude Include="Network\PacketFactory.h">
      <Filter>Network\Packet</Filter>
    </ClInclude>
    <ClInclude Include="Network\PacketAnalyzer.h">
      <Filter>Network\Packet</Filter>
    </ClInclude>
    <ClInclude Include="Network\Package.h">
      <Filter>Network</Filter>
    </ClInclude>
    <ClInclude Include="Contents\ContentsProcess.h">
      <Filter>Contents</Filter>
    </ClInclude>
    <ClInclude Include="ServerShutDown.h">
      <Filter>PCH</Filter>
    </ClInclude>
    <ClInclude Include="Util\GameObject.h">
      <Filter>Util</Filter>
    </ClInclude>
    <ClInclude Include="Util\RandomUtil.h">
      <Filter>Util</Filter>
    </ClInclude>
    <ClInclude Include="Util\InputType.h">
      <Filter>Util</Filter>
    </ClInclude>
    <ClInclude Include="Util\ObjectPool.h">
      <Filter>Util</Filter>
    </ClInclude>
    <ClInclude Include="Util\CircularBuffer.h">
      <Filter>Util</Filter>
    </ClInclude>
  </ItemGroup>
  <ItemGroup>
    <ClCompile Include="stdafx.cpp">
      <Filter>PCH</Filter>
    </ClCompile>
    <ClCompile Include="Util\Logger.cpp">
      <Filter>Util</Filter>
    </ClCompile>
    <ClCompile Include="Util\Assert.cpp">
      <Filter>Util</Filter>
    </ClCompile>
    <ClCompile Include="Util\Clock.cpp">
      <Filter>Util</Filter>
    </ClCompile>
    <ClCompile Include="Util\Config.cpp">
      <Filter>Util</Filter>
    </ClCompile>
    <ClCompile Include="Util\Minidump.cpp">
      <Filter>Util</Filter>
    </ClCompile>
    <ClCompile Include="Util\tinyxml\tinyxmlparser.cpp">
      <Filter>Util</Filter>
    </ClCompile>
    <ClCompile Include="Util\tinyxml\tinyxmlerror.cpp">
      <Filter>Util</Filter>
    </ClCompile>
    <ClCompile Include="Util\tinyxml\tinyxml.cpp">
      <Filter>Util</Filter>
    </ClCompile>
    <ClCompile Include="Util\tinyxml\tinystr.cpp">
      <Filter>Util</Filter>
    </ClCompile>
    <ClCompile Include="Util\Thread.cpp">
      <Filter>Util</Filter>
    </ClCompile>
    <ClCompile Include="Util\Socket.cpp">
      <Filter>Util</Filter>
    </ClCompile>
    <ClCompile Include="Network\IOCPServer.cpp">
      <Filter>Network</Filter>
    </ClCompile>
    <ClCompile Include="Network\IOCPSession.cpp">
      <Filter>Network</Filter>
    </ClCompile>
    <ClCompile Include="Network\Overlapped.cpp">
      <Filter>Network</Filter>
    </ClCompile>
    <ClCompile Include="Network\Server.cpp">
      <Filter>Network</Filter>
    </ClCompile>
    <ClCompile Include="Network\Session.cpp">
      <Filter>Network</Filter>
    </ClCompile>
    <ClCompile Include="Network\SessionManager.cpp">
      <Filter>Network</Filter>
    </ClCompile>
    <ClCompile Include="Network\Stream.cpp">
      <Filter>Network</Filter>
    </ClCompile>
    <ClCompile Include="Network\Packet.cpp">
      <Filter>Network\Packet</Filter>
    </ClCompile>
    <ClCompile Include="Network\PacketAnalyzer.cpp">
      <Filter>Network\Packet</Filter>
    </ClCompile>
    <ClCompile Include="Contents\ContentsProcess.cpp">
      <Filter>Contents</Filter>
    </ClCompile>
    <ClCompile Include="ServerShutDown.cpp">
      <Filter>PCH</Filter>
    </ClCompile>
    <ClCompile Include="Util\GameObject.cpp">
      <Filter>Util</Filter>
    </ClCompile>
    <ClCompile Include="Util\CircularBuffer.cpp">
      <Filter>Util</Filter>
    </ClCompile>
  </ItemGroup>
</Project>