<?xml version="1.0" encoding="utf-8"?>
<Project ToolsVersion="4.0" xmlns="http://schemas.microsoft.com/developer/msbuild/2003">
  <ItemGroup>
    <Filter Include="PCH">
      <UniqueIdentifier>{ab2aaa24-241a-4cb7-96de-2da4481dfeab}</UniqueIdentifier>
    </Filter>
    <Filter Include="Util">
      <UniqueIdentifier>{a9204fbf-3572-4374-b41d-e517d8cd402e}</UniqueIdentifier>
    </Filter>
    <Filter Include="Network">
      <UniqueIdentifier>{f2e852ed-5c51-4e62-a20a-fa9370af82d2}</UniqueIdentifier>
    </Filter>
    <Filter Include="Util\tinyXML">
      <UniqueIdentifier>{c7a2e3d1-86ba-4c37-b3a4-9897f233d056}</UniqueIdentifier>
    </Filter>
  </ItemGroup>
  <ItemGroup>
    <ClInclude Include="stdafx.h">
      <Filter>PCH</Filter>
    </ClInclude>
    <ClInclude Include="ServerLibrary.h">
      <Filter>PCH</Filter>
    </ClInclude>
    <ClInclude Include="Util\Singleton.h">
      <Filter>Util</Filter>
    </ClInclude>
    <ClInclude Include="Util\Logger.h">
      <Filter>Util</Filter>
    </ClInclude>
    <ClInclude Include="Util\tinyxml\tinystr.h" />
    <ClInclude Include="Util\tinyxml\tinyxml.h" />
    <ClInclude Include="Util\Type.h" />
    <ClInclude Include="Util\Config.h" />
    <ClInclude Include="Util\StringUtil.h" />
    <ClInclude Include="Util\Minidump.h" />
    <ClInclude Include="Util\Assert.h" />
    <ClInclude Include="Util\Clock.h" />
    <ClInclude Include="Util\MemoryLeakDetector.h" />
    <ClInclude Include="Util\Thread.h" />
    <ClInclude Include="vld.h" />
    <ClInclude Include="Util\ThreadSafeQueue.h" />
    <ClInclude Include="Network\Server.h" />
    <ClInclude Include="Network\IOCPServer.h" />
    <ClInclude Include="Network\Session.h" />
    <ClInclude Include="Util\Socket.h" />
    <ClInclude Include="Network\SessionManager.h" />
    <ClInclude Include="Network\IOCPSession.h" />
    <ClInclude Include="Network\Stream.h" />
    <ClInclude Include="Network\Overlapped.h" />
  </ItemGroup>
  <ItemGroup>
    <ClCompile Include="stdafx.cpp">
      <Filter>PCH</Filter>
    </ClCompile>
    <ClCompile Include="Util\Logger.cpp">
      <Filter>Util</Filter>
    </ClCompile>
    <ClCompile Include="Util\tinyxml\tinystr.cpp" />
    <ClCompile Include="Util\tinyxml\tinyxml.cpp" />
    <ClCompile Include="Util\tinyxml\tinyxmlerror.cpp" />
    <ClCompile Include="Util\tinyxml\tinyxmlparser.cpp" />
    <ClCompile Include="Util\Config.cpp" />
    <ClCompile Include="Util\Minidump.cpp" />
    <ClCompile Include="Util\Assert.cpp" />
    <ClCompile Include="Util\Clock.cpp" />
    <ClCompile Include="Util\Thread.cpp" />
    <ClCompile Include="Network\Server.cpp" />
    <ClCompile Include="Network\IOCPServer.cpp" />
    <ClCompile Include="Network\Session.cpp" />
    <ClCompile Include="Util\Socket.cpp" />
    <ClCompile Include="Network\SessionManager.cpp" />
    <ClCompile Include="Network\IOCPSession.cpp" />
    <ClCompile Include="Network\Stream.cpp" />
    <ClCompile Include="Network\Overlapped.cpp" />
  </ItemGroup>
</Project>