<?xml version="1.0" encoding="utf-8"?>
<Project ToolsVersion="4.0" xmlns="http://schemas.microsoft.com/developer/msbuild/2003">
  <ItemGroup>
    <ClCompile Include="main.cpp" />
    <ClCompile Include="stdafx.cpp">
      <Filter>PCH</Filter>
    </ClCompile>
    <ClCompile Include="GameProcess.cpp">
      <Filter>ContentsProcess</Filter>
    </ClCompile>
    <ClCompile Include="User.cpp" />
    <ClCompile Include="PlayerServer.cpp" />
    <ClCompile Include="NetworkManagerServer.cpp">
      <Filter>Network</Filter>
    </ClCompile>
    <ClCompile Include="Server.cpp" />
    <ClCompile Include="Collider.cpp" />
    <ClCompile Include="TileServer.cpp" />
    <ClCompile Include="BombServer.cpp" />
    <ClCompile Include="BoomServer.cpp" />
  </ItemGroup>
  <ItemGroup>
    <Filter Include="PCH">
      <UniqueIdentifier>{4cafbee6-6eda-4f79-ba05-d3f6cf20220c}</UniqueIdentifier>
    </Filter>
    <Filter Include="Network">
      <UniqueIdentifier>{eee84bb9-cbe0-4b2f-bbfb-1e9d33f326cb}</UniqueIdentifier>
    </Filter>
    <Filter Include="ContentsProcess">
      <UniqueIdentifier>{e4671e18-881d-4be2-b374-03b764b1891a}</UniqueIdentifier>
    </Filter>
  </ItemGroup>
  <ItemGroup>
    <ClInclude Include="stdafx.h">
      <Filter>PCH</Filter>
    </ClInclude>
    <ClInclude Include="GameProcess.h">
      <Filter>ContentsProcess</Filter>
    </ClInclude>
    <ClInclude Include="User.h" />
    <ClInclude Include="PlayerServer.h" />
    <ClInclude Include="NetworkManagerServer.h">
      <Filter>Network</Filter>
    </ClInclude>
    <ClInclude Include="Server.h" />
    <ClInclude Include="Collider.h" />
    <ClInclude Include="TileServer.h" />
    <ClInclude Include="BombServer.h" />
    <ClInclude Include="BoomServer.h" />
  </ItemGroup>
  <ItemGroup>
    <Xml Include="config.xml" />
  </ItemGroup>
</Project>